
Microsoft Visual Studio Solution File, Format Version 12.00
# Visual Studio 15
VisualStudioVersion = 15.0.27703.1
MinimumVisualStudioVersion = 10.0.40219.1
Project("{9A19103F-16F7-4668-BE54-9A1E7A4F7556}") = "EmployeeManagement.WebUI", "EmployeeManagement.WebUI\EmployeeManagement.WebUI.csproj", "{A97AF28A-479E-4B73-B694-7896F3010194}"
EndProject
Project("{9A19103F-16F7-4668-BE54-9A1E7A4F7556}") = "EmployeeManagement.DataEF", "EmployeeManagement.DataEF\EmployeeManagement.DataEF.csproj", "{EA378B83-2265-4A45-BAA3-36FEFECD2171}"
EndProject
Project("{9A19103F-16F7-4668-BE54-9A1E7A4F7556}") = "EmployeeManagement.Domain", "EmployeeManagement.Domain\EmployeeManagement.Domain.csproj", "{B920F1C5-72EF-4D76-A3BA-65BF7F0195ED}"
EndProject
Global
	GlobalSection(SolutionConfigurationPlatforms) = preSolution
		Debug|Any CPU = Debug|Any CPU
		Release|Any CPU = Release|Any CPU
		Staging|Any CPU = Staging|Any CPU
	EndGlobalSection
	GlobalSection(ProjectConfigurationPlatforms) = postSolution
		{A97AF28A-479E-4B73-B694-7896F3010194}.Debug|Any CPU.ActiveCfg = Debug|Any CPU
		{A97AF28A-479E-4B73-B694-7896F3010194}.Debug|Any CPU.Build.0 = Debug|Any CPU
		{A97AF28A-479E-4B73-B694-7896F3010194}.Release|Any CPU.ActiveCfg = Release|Any CPU
		{A97AF28A-479E-4B73-B694-7896F3010194}.Release|Any CPU.Build.0 = Release|Any CPU
		{A97AF28A-479E-4B73-B694-7896F3010194}.Staging|Any CPU.ActiveCfg = Staging|Any CPU
		{A97AF28A-479E-4B73-B694-7896F3010194}.Staging|Any CPU.Build.0 = Staging|Any CPU
		{EA378B83-2265-4A45-BAA3-36FEFECD2171}.Debug|Any CPU.ActiveCfg = Debug|Any CPU
		{EA378B83-2265-4A45-BAA3-36FEFECD2171}.Debug|Any CPU.Build.0 = Debug|Any CPU
		{EA378B83-2265-4A45-BAA3-36FEFECD2171}.Release|Any CPU.ActiveCfg = Release|Any CPU
		{EA378B83-2265-4A45-BAA3-36FEFECD2171}.Release|Any CPU.Build.0 = Release|Any CPU
		{EA378B83-2265-4A45-BAA3-36FEFECD2171}.Staging|Any CPU.ActiveCfg = Staging|Any CPU
		{EA378B83-2265-4A45-BAA3-36FEFECD2171}.Staging|Any CPU.Build.0 = Staging|Any CPU
		{B920F1C5-72EF-4D76-A3BA-65BF7F0195ED}.Debug|Any CPU.ActiveCfg = Debug|Any CPU
		{B920F1C5-72EF-4D76-A3BA-65BF7F0195ED}.Debug|Any CPU.Build.0 = Debug|Any CPU
		{B920F1C5-72EF-4D76-A3BA-65BF7F0195ED}.Release|Any CPU.ActiveCfg = Release|Any CPU
		{B920F1C5-72EF-4D76-A3BA-65BF7F0195ED}.Release|Any CPU.Build.0 = Release|Any CPU
		{B920F1C5-72EF-4D76-A3BA-65BF7F0195ED}.Staging|Any CPU.ActiveCfg = Staging|Any CPU
		{B920F1C5-72EF-4D76-A3BA-65BF7F0195ED}.Staging|Any CPU.Build.0 = Staging|Any CPU
	EndGlobalSection
	GlobalSection(SolutionProperties) = preSolution
		HideSolutionNode = FALSE
	EndGlobalSection
	GlobalSection(ExtensibilityGlobals) = postSolution
		SolutionGuid = {89174683-5133-4765-9525-87790237904F}
	EndGlobalSection
EndGlobal
