
Microsoft Visual Studio Solution File, Format Version 12.00
# Visual Studio 15
VisualStudioVersion = 15.0.27703.1
MinimumVisualStudioVersion = 10.0.40219.1
Project("{FAE04EC0-301F-11D3-BF4B-00C04F79EFBC}") = "EmployeeManagement.WebUI", "EmployeeManagement.WebUI\EmployeeManagement.WebUI.csproj", "{31E2790A-4AED-49AE-BA94-315E7AC23923}"
EndProject
Project("{FAE04EC0-301F-11D3-BF4B-00C04F79EFBC}") = "EmployeeManagement.DataEF", "EmployeeManagement.DataEF\EmployeeManagement.DataEF.csproj", "{A7F8D420-C1A9-486A-B1CB-22DB5087BF00}"
EndProject
Project("{FAE04EC0-301F-11D3-BF4B-00C04F79EFBC}") = "EmployeeManagement.Domain", "EmployeeManagement.Domain\EmployeeManagement.Domain.csproj", "{57EE5B72-792F-46FB-9772-AB53E6390CC3}"
EndProject
Global
	GlobalSection(SolutionConfigurationPlatforms) = preSolution
		Debug|Any CPU = Debug|Any CPU
		Release|Any CPU = Release|Any CPU
	EndGlobalSection
	GlobalSection(ProjectConfigurationPlatforms) = postSolution
		{31E2790A-4AED-49AE-BA94-315E7AC23923}.Debug|Any CPU.ActiveCfg = Debug|Any CPU
		{31E2790A-4AED-49AE-BA94-315E7AC23923}.Debug|Any CPU.Build.0 = Debug|Any CPU
		{31E2790A-4AED-49AE-BA94-315E7AC23923}.Release|Any CPU.ActiveCfg = Release|Any CPU
		{31E2790A-4AED-49AE-BA94-315E7AC23923}.Release|Any CPU.Build.0 = Release|Any CPU
		{A7F8D420-C1A9-486A-B1CB-22DB5087BF00}.Debug|Any CPU.ActiveCfg = Debug|Any CPU
		{A7F8D420-C1A9-486A-B1CB-22DB5087BF00}.Debug|Any CPU.Build.0 = Debug|Any CPU
		{A7F8D420-C1A9-486A-B1CB-22DB5087BF00}.Release|Any CPU.ActiveCfg = Release|Any CPU
		{A7F8D420-C1A9-486A-B1CB-22DB5087BF00}.Release|Any CPU.Build.0 = Release|Any CPU
		{57EE5B72-792F-46FB-9772-AB53E6390CC3}.Debug|Any CPU.ActiveCfg = Debug|Any CPU
		{57EE5B72-792F-46FB-9772-AB53E6390CC3}.Debug|Any CPU.Build.0 = Debug|Any CPU
		{57EE5B72-792F-46FB-9772-AB53E6390CC3}.Release|Any CPU.ActiveCfg = Release|Any CPU
		{57EE5B72-792F-46FB-9772-AB53E6390CC3}.Release|Any CPU.Build.0 = Release|Any CPU
	EndGlobalSection
	GlobalSection(SolutionProperties) = preSolution
		HideSolutionNode = FALSE
	EndGlobalSection
	GlobalSection(ExtensibilityGlobals) = postSolution
		SolutionGuid = {89174683-5133-4765-9525-87790237904F}
	EndGlobalSection
EndGlobal
